// !$*UTF8*$!
{
	archiveVersion = 1;
	classes = {
	};
	objectVersion = 51;
	objects = {

/* Begin PBXBuildFile section */
		691A60D68F9772996527B4E7 /* Pods_FocusStart.framework in Frameworks */ = {isa = PBXBuildFile; fileRef = 5FE791C3E9B3E4A0BCD27895 /* Pods_FocusStart.framework */; };
		8FC4A4042528B6FF0055C41C /* EditCarViewController.swift in Sources */ = {isa = PBXBuildFile; fileRef = 8FC4A4032528B6FF0055C41C /* EditCarViewController.swift */; };
		8FC4A4062528B72C0055C41C /* DataService.swift in Sources */ = {isa = PBXBuildFile; fileRef = 8FC4A4052528B72C0055C41C /* DataService.swift */; };
		8FC4A4082528B7480055C41C /* Car.swift in Sources */ = {isa = PBXBuildFile; fileRef = 8FC4A4072528B7480055C41C /* Car.swift */; };
		8FEC8A382527718D00D36684 /* AppDelegate.swift in Sources */ = {isa = PBXBuildFile; fileRef = 8FEC8A372527718D00D36684 /* AppDelegate.swift */; };
		8FEC8A3A2527718D00D36684 /* SceneDelegate.swift in Sources */ = {isa = PBXBuildFile; fileRef = 8FEC8A392527718D00D36684 /* SceneDelegate.swift */; };
		8FEC8A3C2527718D00D36684 /* ViewController.swift in Sources */ = {isa = PBXBuildFile; fileRef = 8FEC8A3B2527718D00D36684 /* ViewController.swift */; };
		8FEC8A3F2527718D00D36684 /* Main.storyboard in Resources */ = {isa = PBXBuildFile; fileRef = 8FEC8A3D2527718D00D36684 /* Main.storyboard */; };
		8FEC8A412527718E00D36684 /* Assets.xcassets in Resources */ = {isa = PBXBuildFile; fileRef = 8FEC8A402527718E00D36684 /* Assets.xcassets */; };
		8FEC8A442527718E00D36684 /* LaunchScreen.storyboard in Resources */ = {isa = PBXBuildFile; fileRef = 8FEC8A422527718E00D36684 /* LaunchScreen.storyboard */; };
/* End PBXBuildFile section */

/* Begin PBXFileReference section */
		3F89307FBC010C491BF0F87E /* Pods-FocusStart.release.xcconfig */ = {isa = PBXFileReference; includeInIndex = 1; lastKnownFileType = text.xcconfig; name = "Pods-FocusStart.release.xcconfig"; path = "Target Support Files/Pods-FocusStart/Pods-FocusStart.release.xcconfig"; sourceTree = "<group>"; };
		5FE791C3E9B3E4A0BCD27895 /* Pods_FocusStart.framework */ = {isa = PBXFileReference; explicitFileType = wrapper.framework; includeInIndex = 0; path = Pods_FocusStart.framework; sourceTree = BUILT_PRODUCTS_DIR; };
		8FC4A4032528B6FF0055C41C /* EditCarViewController.swift */ = {isa = PBXFileReference; lastKnownFileType = sourcecode.swift; path = EditCarViewController.swift; sourceTree = "<group>"; };
		8FC4A4052528B72C0055C41C /* DataService.swift */ = {isa = PBXFileReference; lastKnownFileType = sourcecode.swift; path = DataService.swift; sourceTree = "<group>"; };
		8FC4A4072528B7480055C41C /* Car.swift */ = {isa = PBXFileReference; lastKnownFileType = sourcecode.swift; path = Car.swift; sourceTree = "<group>"; };
		8FEC8A342527718D00D36684 /* FocusStart.app */ = {isa = PBXFileReference; explicitFileType = wrapper.application; includeInIndex = 0; path = FocusStart.app; sourceTree = BUILT_PRODUCTS_DIR; };
		8FEC8A372527718D00D36684 /* AppDelegate.swift */ = {isa = PBXFileReference; lastKnownFileType = sourcecode.swift; path = AppDelegate.swift; sourceTree = "<group>"; };
		8FEC8A392527718D00D36684 /* SceneDelegate.swift */ = {isa = PBXFileReference; lastKnownFileType = sourcecode.swift; path = SceneDelegate.swift; sourceTree = "<group>"; };
		8FEC8A3B2527718D00D36684 /* ViewController.swift */ = {isa = PBXFileReference; lastKnownFileType = sourcecode.swift; path = ViewController.swift; sourceTree = "<group>"; };
		8FEC8A3E2527718D00D36684 /* Base */ = {isa = PBXFileReference; lastKnownFileType = file.storyboard; name = Base; path = Base.lproj/Main.storyboard; sourceTree = "<group>"; };
		8FEC8A402527718E00D36684 /* Assets.xcassets */ = {isa = PBXFileReference; lastKnownFileType = folder.assetcatalog; path = Assets.xcassets; sourceTree = "<group>"; };
		8FEC8A432527718E00D36684 /* Base */ = {isa = PBXFileReference; lastKnownFileType = file.storyboard; name = Base; path = Base.lproj/LaunchScreen.storyboard; sourceTree = "<group>"; };
		8FEC8A452527718E00D36684 /* Info.plist */ = {isa = PBXFileReference; lastKnownFileType = text.plist.xml; path = Info.plist; sourceTree = "<group>"; };
		B1E2D0A1527F8DC519234767 /* Pods-FocusStart.debug.xcconfig */ = {isa = PBXFileReference; includeInIndex = 1; lastKnownFileType = text.xcconfig; name = "Pods-FocusStart.debug.xcconfig"; path = "Target Support Files/Pods-FocusStart/Pods-FocusStart.debug.xcconfig"; sourceTree = "<group>"; };
/* End PBXFileReference section */

/* Begin PBXFrameworksBuildPhase section */
		8FEC8A312527718D00D36684 /* Frameworks */ = {
			isa = PBXFrameworksBuildPhase;
			buildActionMask = 2147483647;
			files = (
				691A60D68F9772996527B4E7 /* Pods_FocusStart.framework in Frameworks */,
			);
			runOnlyForDeploymentPostprocessing = 0;
		};
/* End PBXFrameworksBuildPhase section */

/* Begin PBXGroup section */
		8FEC8A2B2527718D00D36684 = {
			isa = PBXGroup;
			children = (
				8FEC8A362527718D00D36684 /* FocusStart */,
				8FEC8A352527718D00D36684 /* Products */,
				B62DC5DB12CA0E4330F19369 /* Pods */,
				E182CF2962889982A348CB2F /* Frameworks */,
			);
			sourceTree = "<group>";
		};
		8FEC8A352527718D00D36684 /* Products */ = {
			isa = PBXGroup;
			children = (
				8FEC8A342527718D00D36684 /* FocusStart.app */,
			);
			name = Products;
			sourceTree = "<group>";
		};
		8FEC8A362527718D00D36684 /* FocusStart */ = {
			isa = PBXGroup;
			children = (
				8FEC8A372527718D00D36684 /* AppDelegate.swift */,
				8FEC8A392527718D00D36684 /* SceneDelegate.swift */,
				8FEC8A3B2527718D00D36684 /* ViewController.swift */,
				8FC4A4032528B6FF0055C41C /* EditCarViewController.swift */,
				8FC4A4052528B72C0055C41C /* DataService.swift */,
				8FC4A4072528B7480055C41C /* Car.swift */,
				8FEC8A3D2527718D00D36684 /* Main.storyboard */,
				8FEC8A402527718E00D36684 /* Assets.xcassets */,
				8FEC8A422527718E00D36684 /* LaunchScreen.storyboard */,
				8FEC8A452527718E00D36684 /* Info.plist */,
			);
			path = FocusStart;
			sourceTree = "<group>";
		};
		B62DC5DB12CA0E4330F19369 /* Pods */ = {
			isa = PBXGroup;
			children = (
				B1E2D0A1527F8DC519234767 /* Pods-FocusStart.debug.xcconfig */,
				3F89307FBC010C491BF0F87E /* Pods-FocusStart.release.xcconfig */,
			);
			path = Pods;
			sourceTree = "<group>";
		};
		E182CF2962889982A348CB2F /* Frameworks */ = {
			isa = PBXGroup;
			children = (
				5FE791C3E9B3E4A0BCD27895 /* Pods_FocusStart.framework */,
			);
			name = Frameworks;
			sourceTree = "<group>";
		};
/* End PBXGroup section */

/* Begin PBXNativeTarget section */
		8FEC8A332527718D00D36684 /* FocusStart */ = {
			isa = PBXNativeTarget;
			buildConfigurationList = 8FEC8A482527718E00D36684 /* Build configuration list for PBXNativeTarget "FocusStart" */;
			buildPhases = (
				FA6F99B9E9BE3CB0454DDA85 /* [CP] Check Pods Manifest.lock */,
				8FEC8A302527718D00D36684 /* Sources */,
				8FEC8A312527718D00D36684 /* Frameworks */,
				8FEC8A322527718D00D36684 /* Resources */,
				47F715484C1088B677F5CFC7 /* [CP] Embed Pods Frameworks */,
			);
			buildRules = (
			);
			dependencies = (
			);
			name = FocusStart;
			productName = FocusStart;
			productReference = 8FEC8A342527718D00D36684 /* FocusStart.app */;
			productType = "com.apple.product-type.application";
		};
/* End PBXNativeTarget section */

/* Begin PBXProject section */
		8FEC8A2C2527718D00D36684 /* Project object */ = {
			isa = PBXProject;
			attributes = {
				LastSwiftUpdateCheck = 1200;
				LastUpgradeCheck = 1200;
				TargetAttributes = {
					8FEC8A332527718D00D36684 = {
						CreatedOnToolsVersion = 12.0;
					};
				};
			};
			buildConfigurationList = 8FEC8A2F2527718D00D36684 /* Build configuration list for PBXProject "FocusStart" */;
			compatibilityVersion = "Xcode 9.3";
			developmentRegion = en;
			hasScannedForEncodings = 0;
			knownRegions = (
				en,
				Base,
			);
			mainGroup = 8FEC8A2B2527718D00D36684;
			productRefGroup = 8FEC8A352527718D00D36684 /* Products */;
			projectDirPath = "";
			projectRoot = "";
			targets = (
				8FEC8A332527718D00D36684 /* FocusStart */,
			);
		};
/* End PBXProject section */

/* Begin PBXResourcesBuildPhase section */
		8FEC8A322527718D00D36684 /* Resources */ = {
			isa = PBXResourcesBuildPhase;
			buildActionMask = 2147483647;
			files = (
				8FEC8A442527718E00D36684 /* LaunchScreen.storyboard in Resources */,
				8FEC8A412527718E00D36684 /* Assets.xcassets in Resources */,
				8FEC8A3F2527718D00D36684 /* Main.storyboard in Resources */,
			);
			runOnlyForDeploymentPostprocessing = 0;
		};
/* End PBXResourcesBuildPhase section */

/* Begin PBXShellScriptBuildPhase section */
		47F715484C1088B677F5CFC7 /* [CP] Embed Pods Frameworks */ = {
			isa = PBXShellScriptBuildPhase;
			buildActionMask = 2147483647;
			files = (
			);
			inputFileListPaths = (
				"${PODS_ROOT}/Target Support Files/Pods-FocusStart/Pods-FocusStart-frameworks-${CONFIGURATION}-input-files.xcfilelist",
			);
			name = "[CP] Embed Pods Frameworks";
			outputFileListPaths = (
				"${PODS_ROOT}/Target Support Files/Pods-FocusStart/Pods-FocusStart-frameworks-${CONFIGURATION}-output-files.xcfilelist",
			);
			runOnlyForDeploymentPostprocessing = 0;
			shellPath = /bin/sh;
			shellScript = "\"${PODS_ROOT}/Target Support Files/Pods-FocusStart/Pods-FocusStart-frameworks.sh\"\n";
			showEnvVarsInLog = 0;
		};
		FA6F99B9E9BE3CB0454DDA85 /* [CP] Check Pods Manifest.lock */ = {
			isa = PBXShellScriptBuildPhase;
			buildActionMask = 2147483647;
			files = (
			);
			inputFileListPaths = (
			);
			inputPaths = (
				"${PODS_PODFILE_DIR_PATH}/Podfile.lock",
				"${PODS_ROOT}/Manifest.lock",
			);
			name = "[CP] Check Pods Manifest.lock";
			outputFileListPaths = (
			);
			outputPaths = (
				"$(DERIVED_FILE_DIR)/Pods-FocusStart-checkManifestLockResult.txt",
			);
			runOnlyForDeploymentPostprocessing = 0;
			shellPath = /bin/sh;
			shellScript = "diff \"${PODS_PODFILE_DIR_PATH}/Podfile.lock\" \"${PODS_ROOT}/Manifest.lock\" > /dev/null\nif [ $? != 0 ] ; then\n    # print error to STDERR\n    echo \"error: The sandbox is not in sync with the Podfile.lock. Run 'pod install' or update your CocoaPods installation.\" >&2\n    exit 1\nfi\n# This output is used by Xcode 'outputs' to avoid re-running this script phase.\necho \"SUCCESS\" > \"${SCRIPT_OUTPUT_FILE_0}\"\n";
			showEnvVarsInLog = 0;
		};
/* End PBXShellScriptBuildPhase section */

/* Begin PBXSourcesBuildPhase section */
		8FEC8A302527718D00D36684 /* Sources */ = {
			isa = PBXSourcesBuildPhase;
			buildActionMask = 2147483647;
			files = (
				8FEC8A3C2527718D00D36684 /* ViewController.swift in Sources */,
				8FC4A4042528B6FF0055C41C /* EditCarViewController.swift in Sources */,
				8FC4A4082528B7480055C41C /* Car.swift in Sources */,
				8FEC8A382527718D00D36684 /* AppDelegate.swift in Sources */,
				8FEC8A3A2527718D00D36684 /* SceneDelegate.swift in Sources */,
				8FC4A4062528B72C0055C41C /* DataService.swift in Sources */,
			);
			runOnlyForDeploymentPostprocessing = 0;
		};
/* End PBXSourcesBuildPhase section */

/* Begin PBXVariantGroup section */
		8FEC8A3D2527718D00D36684 /* Main.storyboard */ = {
			isa = PBXVariantGroup;
			children = (
				8FEC8A3E2527718D00D36684 /* Base */,
			);
			name = Main.storyboard;
			sourceTree = "<group>";
		};
		8FEC8A422527718E00D36684 /* LaunchScreen.storyboard */ = {
			isa = PBXVariantGroup;
			children = (
				8FEC8A432527718E00D36684 /* Base */,
			);
			name = LaunchScreen.storyboard;
			sourceTree = "<group>";
		};
/* End PBXVariantGroup section */

/* Begin XCBuildConfiguration section */
		8FEC8A462527718E00D36684 /* Debug */ = {
			isa = XCBuildConfiguration;
			buildSettings = {
				ALWAYS_SEARCH_USER_PATHS = NO;
				CLANG_ANALYZER_NONNULL = YES;
				CLANG_ANALYZER_NUMBER_OBJECT_CONVERSION = YES_AGGRESSIVE;
				CLANG_CXX_LANGUAGE_STANDARD = "gnu++14";
				CLANG_CXX_LIBRARY = "libc++";
				CLANG_ENABLE_MODULES = YES;
				CLANG_ENABLE_OBJC_ARC = YES;
				CLANG_ENABLE_OBJC_WEAK = YES;
				CLANG_WARN_BLOCK_CAPTURE_AUTORELEASING = YES;
				CLANG_WARN_BOOL_CONVERSION = YES;
				CLANG_WARN_COMMA = YES;
				CLANG_WARN_CONSTANT_CONVERSION = YES;
				CLANG_WARN_DEPRECATED_OBJC_IMPLEMENTATIONS = YES;
				CLANG_WARN_DIRECT_OBJC_ISA_USAGE = YES_ERROR;
				CLANG_WARN_DOCUMENTATION_COMMENTS = YES;
				CLANG_WARN_EMPTY_BODY = YES;
				CLANG_WARN_ENUM_CONVERSION = YES;
				CLANG_WARN_INFINITE_RECURSION = YES;
				CLANG_WARN_INT_CONVERSION = YES;
				CLANG_WARN_NON_LITERAL_NULL_CONVERSION = YES;
				CLANG_WARN_OBJC_IMPLICIT_RETAIN_SELF = YES;
				CLANG_WARN_OBJC_LITERAL_CONVERSION = YES;
				CLANG_WARN_OBJC_ROOT_CLASS = YES_ERROR;
				CLANG_WARN_QUOTED_INCLUDE_IN_FRAMEWORK_HEADER = YES;
				CLANG_WARN_RANGE_LOOP_ANALYSIS = YES;
				CLANG_WARN_STRICT_PROTOTYPES = YES;
				CLANG_WARN_SUSPICIOUS_MOVE = YES;
				CLANG_WARN_UNGUARDED_AVAILABILITY = YES_AGGRESSIVE;
				CLANG_WARN_UNREACHABLE_CODE = YES;
				CLANG_WARN__DUPLICATE_METHOD_MATCH = YES;
				COPY_PHASE_STRIP = NO;
				DEBUG_INFORMATION_FORMAT = dwarf;
				ENABLE_STRICT_OBJC_MSGSEND = YES;
				ENABLE_TESTABILITY = YES;
				GCC_C_LANGUAGE_STANDARD = gnu11;
				GCC_DYNAMIC_NO_PIC = NO;
				GCC_NO_COMMON_BLOCKS = YES;
				GCC_OPTIMIZATION_LEVEL = 0;
				GCC_PREPROCESSOR_DEFINITIONS = (
					"DEBUG=1",
					"$(inherited)",
				);
				GCC_WARN_64_TO_32_BIT_CONVERSION = YES;
				GCC_WARN_ABOUT_RETURN_TYPE = YES_ERROR;
				GCC_WARN_UNDECLARED_SELECTOR = YES;
				GCC_WARN_UNINITIALIZED_AUTOS = YES_AGGRESSIVE;
				GCC_WARN_UNUSED_FUNCTION = YES;
				GCC_WARN_UNUSED_VARIABLE = YES;
				IPHONEOS_DEPLOYMENT_TARGET = 14.0;
				MTL_ENABLE_DEBUG_INFO = INCLUDE_SOURCE;
				MTL_FAST_MATH = YES;
				ONLY_ACTIVE_ARCH = YES;
				SDKROOT = iphoneos;
				SWIFT_ACTIVE_COMPILATION_CONDITIONS = DEBUG;
				SWIFT_OPTIMIZATION_LEVEL = "-Onone";
			};
			name = Debug;
		};
		8FEC8A472527718E00D36684 /* Release */ = {
			isa = XCBuildConfiguration;
			buildSettings = {
				ALWAYS_SEARCH_USER_PATHS = NO;
				CLANG_ANALYZER_NONNULL = YES;
				CLANG_ANALYZER_NUMBER_OBJECT_CONVERSION = YES_AGGRESSIVE;
				CLANG_CXX_LANGUAGE_STANDARD = "gnu++14";
				CLANG_CXX_LIBRARY = "libc++";
				CLANG_ENABLE_MODULES = YES;
				CLANG_ENABLE_OBJC_ARC = YES;
				CLANG_ENABLE_OBJC_WEAK = YES;
				CLANG_WARN_BLOCK_CAPTURE_AUTORELEASING = YES;
				CLANG_WARN_BOOL_CONVERSION = YES;
				CLANG_WARN_COMMA = YES;
				CLANG_WARN_CONSTANT_CONVERSION = YES;
				CLANG_WARN_DEPRECATED_OBJC_IMPLEMENTATIONS = YES;
				CLANG_WARN_DIRECT_OBJC_ISA_USAGE = YES_ERROR;
				CLANG_WARN_DOCUMENTATION_COMMENTS = YES;
				CLANG_WARN_EMPTY_BODY = YES;
				CLANG_WARN_ENUM_CONVERSION = YES;
				CLANG_WARN_INFINITE_RECURSION = YES;
				CLANG_WARN_INT_CONVERSION = YES;
				CLANG_WARN_NON_LITERAL_NULL_CONVERSION = YES;
				CLANG_WARN_OBJC_IMPLICIT_RETAIN_SELF = YES;
				CLANG_WARN_OBJC_LITERAL_CONVERSION = YES;
				CLANG_WARN_OBJC_ROOT_CLASS = YES_ERROR;
				CLANG_WARN_QUOTED_INCLUDE_IN_FRAMEWORK_HEADER = YES;
				CLANG_WARN_RANGE_LOOP_ANALYSIS = YES;
				CLANG_WARN_STRICT_PROTOTYPES = YES;
				CLANG_WARN_SUSPICIOUS_MOVE = YES;
				CLANG_WARN_UNGUARDED_AVAILABILITY = YES_AGGRESSIVE;
				CLANG_WARN_UNREACHABLE_CODE = YES;
				CLANG_WARN__DUPLICATE_METHOD_MATCH = YES;
				COPY_PHASE_STRIP = NO;
				DEBUG_INFORMATION_FORMAT = "dwarf-with-dsym";
				ENABLE_NS_ASSERTIONS = NO;
				ENABLE_STRICT_OBJC_MSGSEND = YES;
				GCC_C_LANGUAGE_STANDARD = gnu11;
				GCC_NO_COMMON_BLOCKS = YES;
				GCC_WARN_64_TO_32_BIT_CONVERSION = YES;
				GCC_WARN_ABOUT_RETURN_TYPE = YES_ERROR;
				GCC_WARN_UNDECLARED_SELECTOR = YES;
				GCC_WARN_UNINITIALIZED_AUTOS = YES_AGGRESSIVE;
				GCC_WARN_UNUSED_FUNCTION = YES;
				GCC_WARN_UNUSED_VARIABLE = YES;
				IPHONEOS_DEPLOYMENT_TARGET = 14.0;
				MTL_ENABLE_DEBUG_INFO = NO;
				MTL_FAST_MATH = YES;
				SDKROOT = iphoneos;
				SWIFT_COMPILATION_MODE = wholemodule;
				SWIFT_OPTIMIZATION_LEVEL = "-O";
				VALIDATE_PRODUCT = YES;
			};
			name = Release;
		};
		8FEC8A492527718E00D36684 /* Debug */ = {
			isa = XCBuildConfiguration;
			baseConfigurationReference = B1E2D0A1527F8DC519234767 /* Pods-FocusStart.debug.xcconfig */;
			buildSettings = {
				ASSETCATALOG_COMPILER_APPICON_NAME = AppIcon;
				ASSETCATALOG_COMPILER_GLOBAL_ACCENT_COLOR_NAME = AccentColor;
				CODE_SIGN_STYLE = Automatic;
				DEVELOPMENT_TEAM = TAM4973M2D;
				INFOPLIST_FILE = FocusStart/Info.plist;
				LD_RUNPATH_SEARCH_PATHS = (
					"$(inherited)",
					"@executable_path/Frameworks",
				);
				PRODUCT_BUNDLE_IDENTIFIER = ru.danilovma.FocusStart;
				PRODUCT_NAME = "$(TARGET_NAME)";
				SWIFT_VERSION = 5.0;
				TARGETED_DEVICE_FAMILY = "1,2";
			};
			name = Debug;
		};
		8FEC8A4A2527718E00D36684 /* Release */ = {
			isa = XCBuildConfiguration;
			baseConfigurationReference = 3F89307FBC010C491BF0F87E /* Pods-FocusStart.release.xcconfig */;
			buildSettings = {
				ASSETCATALOG_COMPILER_APPICON_NAME = AppIcon;
				ASSETCATALOG_COMPILER_GLOBAL_ACCENT_COLOR_NAME = AccentColor;
				CODE_SIGN_STYLE = Automatic;
				DEVELOPMENT_TEAM = TAM4973M2D;
				INFOPLIST_FILE = FocusStart/Info.plist;
				LD_RUNPATH_SEARCH_PATHS = (
					"$(inherited)",
					"@executable_path/Frameworks",
				);
				PRODUCT_BUNDLE_IDENTIFIER = ru.danilovma.FocusStart;
				PRODUCT_NAME = "$(TARGET_NAME)";
				SWIFT_VERSION = 5.0;
				TARGETED_DEVICE_FAMILY = "1,2";
			};
			name = Release;
		};
/* End XCBuildConfiguration section */

/* Begin XCConfigurationList section */
		8FEC8A2F2527718D00D36684 /* Build configuration list for PBXProject "FocusStart" */ = {
			isa = XCConfigurationList;
			buildConfigurations = (
				8FEC8A462527718E00D36684 /* Debug */,
				8FEC8A472527718E00D36684 /* Release */,
			);
			defaultConfigurationIsVisible = 0;
			defaultConfigurationName = Release;
		};
		8FEC8A482527718E00D36684 /* Build configuration list for PBXNativeTarget "FocusStart" */ = {
			isa = XCConfigurationList;
			buildConfigurations = (
				8FEC8A492527718E00D36684 /* Debug */,
				8FEC8A4A2527718E00D36684 /* Release */,
			);
			defaultConfigurationIsVisible = 0;
			defaultConfigurationName = Release;
		};
/* End XCConfigurationList section */
	};
	rootObject = 8FEC8A2C2527718D00D36684 /* Project object */;
}
